
Microsoft Visual Studio Solution File, Format Version 12.00
# Visual Studio Version 17
VisualStudioVersion = 17.5.002.0
MinimumVisualStudioVersion = 10.0.40219.1
Project("{9A19103F-16F7-4668-BE54-9A1E7A4F7556}") = "struct", "struct.csproj", "{FC79992F-9179-4095-8B99-04189884461E}"
EndProject
Global
	GlobalSection(SolutionConfigurationPlatforms) = preSolution
		Debug|Any CPU = Debug|Any CPU
		Release|Any CPU = Release|Any CPU
	EndGlobalSection
	GlobalSection(ProjectConfigurationPlatforms) = postSolution
		{FC79992F-9179-4095-8B99-04189884461E}.Debug|Any CPU.ActiveCfg = Debug|Any CPU
		{FC79992F-9179-4095-8B99-04189884461E}.Debug|Any CPU.Build.0 = Debug|Any CPU
		{FC79992F-9179-4095-8B99-04189884461E}.Release|Any CPU.ActiveCfg = Release|Any CPU
		{FC79992F-9179-4095-8B99-04189884461E}.Release|Any CPU.Build.0 = Release|Any CPU
	EndGlobalSection
	GlobalSection(SolutionProperties) = preSolution
		HideSolutionNode = FALSE
	EndGlobalSection
	GlobalSection(ExtensibilityGlobals) = postSolution
		SolutionGuid = {6AAA46E0-FCC9-401A-B6FF-1A4271BEE7D2}
	EndGlobalSection
EndGlobal
